// !$*UTF8*$!
{
	archiveVersion = 1;
	classes = {
	};
	objectVersion = 55;
	objects = {

/* Begin PBXBuildFile section */
		B0F30EDE2707C4620053CD69 /* AppDelegate.swift in Sources */ = {isa = PBXBuildFile; fileRef = B0F30EDD2707C4620053CD69 /* AppDelegate.swift */; };
		B0F30EE22707C4620053CD69 /* SurveyStepViewController.swift in Sources */ = {isa = PBXBuildFile; fileRef = B0F30EE12707C4620053CD69 /* SurveyStepViewController.swift */; };
		B0F30EE72707C4640053CD69 /* Assets.xcassets in Resources */ = {isa = PBXBuildFile; fileRef = B0F30EE62707C4640053CD69 /* Assets.xcassets */; };
		B0F30EEA2707C4640053CD69 /* LaunchScreen.storyboard in Resources */ = {isa = PBXBuildFile; fileRef = B0F30EE82707C4640053CD69 /* LaunchScreen.storyboard */; };
		B0F30EF52707C4640053CD69 /* PatientSurveyCoordinatorTests.swift in Sources */ = {isa = PBXBuildFile; fileRef = B0F30EF42707C4640053CD69 /* PatientSurveyCoordinatorTests.swift */; };
		B0F30F0E2707D48D0053CD69 /* Coordinator.swift in Sources */ = {isa = PBXBuildFile; fileRef = B0F30F0D2707D48D0053CD69 /* Coordinator.swift */; };
		B0F30F102707D4E00053CD69 /* PatientSurveyCoordinator.swift in Sources */ = {isa = PBXBuildFile; fileRef = B0F30F0F2707D4E00053CD69 /* PatientSurveyCoordinator.swift */; };
		B0F30F1327080BC80053CD69 /* Mokka in Frameworks */ = {isa = PBXBuildFile; productRef = B0F30F1227080BC80053CD69 /* Mokka */; };
		B0F30F1627080C6F0053CD69 /* NavigationControlling.swift in Sources */ = {isa = PBXBuildFile; fileRef = B0F30F1527080C6F0053CD69 /* NavigationControlling.swift */; };
		B0F30F1927080D560053CD69 /* MockNavigationController.swift in Sources */ = {isa = PBXBuildFile; fileRef = B0F30F1827080D560053CD69 /* MockNavigationController.swift */; };
		B0F30F1C2708D4F50053CD69 /* Person.swift in Sources */ = {isa = PBXBuildFile; fileRef = B0F30F1B2708D4F50053CD69 /* Person.swift */; };
		B0F30F1E2708D57C0053CD69 /* Patient.swift in Sources */ = {isa = PBXBuildFile; fileRef = B0F30F1D2708D57C0053CD69 /* Patient.swift */; };
		B0F30F202708D5DD0053CD69 /* Doctor.swift in Sources */ = {isa = PBXBuildFile; fileRef = B0F30F1F2708D5DD0053CD69 /* Doctor.swift */; };
		B0F30F222708D5FA0053CD69 /* Diagnosis.swift in Sources */ = {isa = PBXBuildFile; fileRef = B0F30F212708D5FA0053CD69 /* Diagnosis.swift */; };
		B0F30F242708D64C0053CD69 /* Appointment.swift in Sources */ = {isa = PBXBuildFile; fileRef = B0F30F232708D64C0053CD69 /* Appointment.swift */; };
		B0F30F272708D84D0053CD69 /* SurveyResponse.swift in Sources */ = {isa = PBXBuildFile; fileRef = B0F30F262708D84D0053CD69 /* SurveyResponse.swift */; };
		B0F30F292708D8CD0053CD69 /* PermissionType.swift in Sources */ = {isa = PBXBuildFile; fileRef = B0F30F282708D8CD0053CD69 /* PermissionType.swift */; };
		B0F30F2B2708D9AE0053CD69 /* Summarizable.swift in Sources */ = {isa = PBXBuildFile; fileRef = B0F30F2A2708D9AE0053CD69 /* Summarizable.swift */; };
		B0F30F2D2708DBD90053CD69 /* SurveyPrompt.swift in Sources */ = {isa = PBXBuildFile; fileRef = B0F30F2C2708DBD90053CD69 /* SurveyPrompt.swift */; };
		B0F30F2F2708DD3A0053CD69 /* SurveyStep.swift in Sources */ = {isa = PBXBuildFile; fileRef = B0F30F2E2708DD3A0053CD69 /* SurveyStep.swift */; };
		B0F30F312708DDAF0053CD69 /* Survey.swift in Sources */ = {isa = PBXBuildFile; fileRef = B0F30F302708DDAF0053CD69 /* Survey.swift */; };
		B0F30F3327092DA00053CD69 /* PermissionTypeTests.swift in Sources */ = {isa = PBXBuildFile; fileRef = B0F30F3227092DA00053CD69 /* PermissionTypeTests.swift */; };
		B0F30F3527092EB50053CD69 /* SurveyPromptTests.swift in Sources */ = {isa = PBXBuildFile; fileRef = B0F30F3427092EB50053CD69 /* SurveyPromptTests.swift */; };
		B0F30F37270930D90053CD69 /* SurveyResponseTests.swift in Sources */ = {isa = PBXBuildFile; fileRef = B0F30F36270930D90053CD69 /* SurveyResponseTests.swift */; };
		B0F30F3927094CBE0053CD69 /* PatientSurveyStoreProtocol.swift in Sources */ = {isa = PBXBuildFile; fileRef = B0F30F3827094CBE0053CD69 /* PatientSurveyStoreProtocol.swift */; };
		B0F30F3B270950D80053CD69 /* PatientSurveyStore.swift in Sources */ = {isa = PBXBuildFile; fileRef = B0F30F3A270950D70053CD69 /* PatientSurveyStore.swift */; };
		B0F30F3D270953030053CD69 /* ResourceBundle.swift in Sources */ = {isa = PBXBuildFile; fileRef = B0F30F3C270953030053CD69 /* ResourceBundle.swift */; };
		B0F30F4527095AC30053CD69 /* PatientSurveyStoreTests.swift in Sources */ = {isa = PBXBuildFile; fileRef = B0F30F4427095AC30053CD69 /* PatientSurveyStoreTests.swift */; };
		B0F30F4727095E2E0053CD69 /* ResourceInitializable.swift in Sources */ = {isa = PBXBuildFile; fileRef = B0F30F4627095E2E0053CD69 /* ResourceInitializable.swift */; };
		B0F30F4927096CF20053CD69 /* SurveyStepTemplate.swift in Sources */ = {isa = PBXBuildFile; fileRef = B0F30F4827096CF20053CD69 /* SurveyStepTemplate.swift */; };
		B0F30F4B27096E820053CD69 /* SurveyStepBuilder.swift in Sources */ = {isa = PBXBuildFile; fileRef = B0F30F4A27096E820053CD69 /* SurveyStepBuilder.swift */; };
		B0F30F4D270970B00053CD69 /* SurveyResponseType.swift in Sources */ = {isa = PBXBuildFile; fileRef = B0F30F4C270970B00053CD69 /* SurveyResponseType.swift */; };
		B0F30F4F270A9DD50053CD69 /* MockPatientSurveyStore.swift in Sources */ = {isa = PBXBuildFile; fileRef = B0F30F4E270A9DD50053CD69 /* MockPatientSurveyStore.swift */; };
		B0F30F51270AA69E0053CD69 /* Survey+Mock.swift in Sources */ = {isa = PBXBuildFile; fileRef = B0F30F50270AA69E0053CD69 /* Survey+Mock.swift */; };
		B0F30F54270ABCA40053CD69 /* SurveySummaryViewController.swift in Sources */ = {isa = PBXBuildFile; fileRef = B0F30F53270ABCA40053CD69 /* SurveySummaryViewController.swift */; };
/* End PBXBuildFile section */

/* Begin PBXContainerItemProxy section */
		B0F30EF12707C4640053CD69 /* PBXContainerItemProxy */ = {
			isa = PBXContainerItemProxy;
			containerPortal = B0F30ED22707C4620053CD69 /* Project object */;
			proxyType = 1;
			remoteGlobalIDString = B0F30ED92707C4620053CD69;
			remoteInfo = "Patient Survey";
		};
/* End PBXContainerItemProxy section */

/* Begin PBXFileReference section */
		B0F30EDA2707C4620053CD69 /* Patient Survey.app */ = {isa = PBXFileReference; explicitFileType = wrapper.application; includeInIndex = 0; path = "Patient Survey.app"; sourceTree = BUILT_PRODUCTS_DIR; };
		B0F30EDD2707C4620053CD69 /* AppDelegate.swift */ = {isa = PBXFileReference; lastKnownFileType = sourcecode.swift; path = AppDelegate.swift; sourceTree = "<group>"; };
		B0F30EE12707C4620053CD69 /* SurveyStepViewController.swift */ = {isa = PBXFileReference; lastKnownFileType = sourcecode.swift; path = SurveyStepViewController.swift; sourceTree = "<group>"; };
		B0F30EE62707C4640053CD69 /* Assets.xcassets */ = {isa = PBXFileReference; lastKnownFileType = folder.assetcatalog; path = Assets.xcassets; sourceTree = "<group>"; };
		B0F30EE92707C4640053CD69 /* Base */ = {isa = PBXFileReference; lastKnownFileType = file.storyboard; name = Base; path = Base.lproj/LaunchScreen.storyboard; sourceTree = "<group>"; };
		B0F30EEB2707C4640053CD69 /* Info.plist */ = {isa = PBXFileReference; lastKnownFileType = text.plist.xml; path = Info.plist; sourceTree = "<group>"; };
		B0F30EF02707C4640053CD69 /* Patient SurveyTests.xctest */ = {isa = PBXFileReference; explicitFileType = wrapper.cfbundle; includeInIndex = 0; path = "Patient SurveyTests.xctest"; sourceTree = BUILT_PRODUCTS_DIR; };
		B0F30EF42707C4640053CD69 /* PatientSurveyCoordinatorTests.swift */ = {isa = PBXFileReference; lastKnownFileType = sourcecode.swift; path = PatientSurveyCoordinatorTests.swift; sourceTree = "<group>"; };
		B0F30F0D2707D48D0053CD69 /* Coordinator.swift */ = {isa = PBXFileReference; lastKnownFileType = sourcecode.swift; path = Coordinator.swift; sourceTree = "<group>"; };
		B0F30F0F2707D4E00053CD69 /* PatientSurveyCoordinator.swift */ = {isa = PBXFileReference; lastKnownFileType = sourcecode.swift; path = PatientSurveyCoordinator.swift; sourceTree = "<group>"; };
		B0F30F1527080C6F0053CD69 /* NavigationControlling.swift */ = {isa = PBXFileReference; lastKnownFileType = sourcecode.swift; path = NavigationControlling.swift; sourceTree = "<group>"; };
		B0F30F1827080D560053CD69 /* MockNavigationController.swift */ = {isa = PBXFileReference; lastKnownFileType = sourcecode.swift; path = MockNavigationController.swift; sourceTree = "<group>"; };
		B0F30F1B2708D4F50053CD69 /* Person.swift */ = {isa = PBXFileReference; lastKnownFileType = sourcecode.swift; path = Person.swift; sourceTree = "<group>"; };
		B0F30F1D2708D57C0053CD69 /* Patient.swift */ = {isa = PBXFileReference; lastKnownFileType = sourcecode.swift; path = Patient.swift; sourceTree = "<group>"; };
		B0F30F1F2708D5DD0053CD69 /* Doctor.swift */ = {isa = PBXFileReference; lastKnownFileType = sourcecode.swift; path = Doctor.swift; sourceTree = "<group>"; };
		B0F30F212708D5FA0053CD69 /* Diagnosis.swift */ = {isa = PBXFileReference; lastKnownFileType = sourcecode.swift; path = Diagnosis.swift; sourceTree = "<group>"; };
		B0F30F232708D64C0053CD69 /* Appointment.swift */ = {isa = PBXFileReference; lastKnownFileType = sourcecode.swift; path = Appointment.swift; sourceTree = "<group>"; };
		B0F30F262708D84D0053CD69 /* SurveyResponse.swift */ = {isa = PBXFileReference; lastKnownFileType = sourcecode.swift; path = SurveyResponse.swift; sourceTree = "<group>"; };
		B0F30F282708D8CD0053CD69 /* PermissionType.swift */ = {isa = PBXFileReference; lastKnownFileType = sourcecode.swift; path = PermissionType.swift; sourceTree = "<group>"; };
		B0F30F2A2708D9AE0053CD69 /* Summarizable.swift */ = {isa = PBXFileReference; lastKnownFileType = sourcecode.swift; path = Summarizable.swift; sourceTree = "<group>"; };
		B0F30F2C2708DBD90053CD69 /* SurveyPrompt.swift */ = {isa = PBXFileReference; lastKnownFileType = sourcecode.swift; path = SurveyPrompt.swift; sourceTree = "<group>"; };
		B0F30F2E2708DD3A0053CD69 /* SurveyStep.swift */ = {isa = PBXFileReference; lastKnownFileType = sourcecode.swift; path = SurveyStep.swift; sourceTree = "<group>"; };
		B0F30F302708DDAF0053CD69 /* Survey.swift */ = {isa = PBXFileReference; lastKnownFileType = sourcecode.swift; path = Survey.swift; sourceTree = "<group>"; };
		B0F30F3227092DA00053CD69 /* PermissionTypeTests.swift */ = {isa = PBXFileReference; lastKnownFileType = sourcecode.swift; path = PermissionTypeTests.swift; sourceTree = "<group>"; };
		B0F30F3427092EB50053CD69 /* SurveyPromptTests.swift */ = {isa = PBXFileReference; lastKnownFileType = sourcecode.swift; path = SurveyPromptTests.swift; sourceTree = "<group>"; };
		B0F30F36270930D90053CD69 /* SurveyResponseTests.swift */ = {isa = PBXFileReference; lastKnownFileType = sourcecode.swift; path = SurveyResponseTests.swift; sourceTree = "<group>"; };
		B0F30F3827094CBE0053CD69 /* PatientSurveyStoreProtocol.swift */ = {isa = PBXFileReference; lastKnownFileType = sourcecode.swift; path = PatientSurveyStoreProtocol.swift; sourceTree = "<group>"; };
		B0F30F3A270950D70053CD69 /* PatientSurveyStore.swift */ = {isa = PBXFileReference; lastKnownFileType = sourcecode.swift; path = PatientSurveyStore.swift; sourceTree = "<group>"; };
		B0F30F3C270953030053CD69 /* ResourceBundle.swift */ = {isa = PBXFileReference; lastKnownFileType = sourcecode.swift; path = ResourceBundle.swift; sourceTree = "<group>"; };
		B0F30F4427095AC30053CD69 /* PatientSurveyStoreTests.swift */ = {isa = PBXFileReference; lastKnownFileType = sourcecode.swift; path = PatientSurveyStoreTests.swift; sourceTree = "<group>"; };
		B0F30F4627095E2E0053CD69 /* ResourceInitializable.swift */ = {isa = PBXFileReference; lastKnownFileType = sourcecode.swift; path = ResourceInitializable.swift; sourceTree = "<group>"; };
		B0F30F4827096CF20053CD69 /* SurveyStepTemplate.swift */ = {isa = PBXFileReference; lastKnownFileType = sourcecode.swift; path = SurveyStepTemplate.swift; sourceTree = "<group>"; };
		B0F30F4A27096E820053CD69 /* SurveyStepBuilder.swift */ = {isa = PBXFileReference; lastKnownFileType = sourcecode.swift; path = SurveyStepBuilder.swift; sourceTree = "<group>"; };
		B0F30F4C270970B00053CD69 /* SurveyResponseType.swift */ = {isa = PBXFileReference; lastKnownFileType = sourcecode.swift; path = SurveyResponseType.swift; sourceTree = "<group>"; };
		B0F30F4E270A9DD50053CD69 /* MockPatientSurveyStore.swift */ = {isa = PBXFileReference; lastKnownFileType = sourcecode.swift; path = MockPatientSurveyStore.swift; sourceTree = "<group>"; };
		B0F30F50270AA69E0053CD69 /* Survey+Mock.swift */ = {isa = PBXFileReference; lastKnownFileType = sourcecode.swift; path = "Survey+Mock.swift"; sourceTree = "<group>"; };
		B0F30F53270ABCA40053CD69 /* SurveySummaryViewController.swift */ = {isa = PBXFileReference; lastKnownFileType = sourcecode.swift; path = SurveySummaryViewController.swift; sourceTree = "<group>"; };
/* End PBXFileReference section */

/* Begin PBXFrameworksBuildPhase section */
		B0F30ED72707C4620053CD69 /* Frameworks */ = {
			isa = PBXFrameworksBuildPhase;
			buildActionMask = 2147483647;
			files = (
			);
			runOnlyForDeploymentPostprocessing = 0;
		};
		B0F30EED2707C4640053CD69 /* Frameworks */ = {
			isa = PBXFrameworksBuildPhase;
			buildActionMask = 2147483647;
			files = (
				B0F30F1327080BC80053CD69 /* Mokka in Frameworks */,
			);
			runOnlyForDeploymentPostprocessing = 0;
		};
/* End PBXFrameworksBuildPhase section */

/* Begin PBXGroup section */
		B0F30ED12707C4620053CD69 = {
			isa = PBXGroup;
			children = (
				B0F30EDC2707C4620053CD69 /* Patient Survey */,
				B0F30EF32707C4640053CD69 /* Patient SurveyTests */,
				B0F30EDB2707C4620053CD69 /* Products */,
			);
			sourceTree = "<group>";
		};
		B0F30EDB2707C4620053CD69 /* Products */ = {
			isa = PBXGroup;
			children = (
				B0F30EDA2707C4620053CD69 /* Patient Survey.app */,
				B0F30EF02707C4640053CD69 /* Patient SurveyTests.xctest */,
			);
			name = Products;
			sourceTree = "<group>";
		};
		B0F30EDC2707C4620053CD69 /* Patient Survey */ = {
			isa = PBXGroup;
			children = (
				B0F30EDD2707C4620053CD69 /* AppDelegate.swift */,
				B0F30F1A2708D4BE0053CD69 /* Models */,
				B0F30F0F2707D4E00053CD69 /* PatientSurveyCoordinator.swift */,
				B0F30F3A270950D70053CD69 /* PatientSurveyStore.swift */,
				B0F30F1427080BF40053CD69 /* Protocols */,
				B0F30F252708D79C0053CD69 /* Resources */,
				B0F30F52270ABC7C0053CD69 /* View Controllers */,
			);
			path = "Patient Survey";
			sourceTree = "<group>";
		};
		B0F30EF32707C4640053CD69 /* Patient SurveyTests */ = {
			isa = PBXGroup;
			children = (
				B0F30F1727080D460053CD69 /* Mocks */,
				B0F30EF42707C4640053CD69 /* PatientSurveyCoordinatorTests.swift */,
				B0F30F4427095AC30053CD69 /* PatientSurveyStoreTests.swift */,
				B0F30F3227092DA00053CD69 /* PermissionTypeTests.swift */,
				B0F30F3427092EB50053CD69 /* SurveyPromptTests.swift */,
				B0F30F36270930D90053CD69 /* SurveyResponseTests.swift */,
			);
			path = "Patient SurveyTests";
			sourceTree = "<group>";
		};
		B0F30F1427080BF40053CD69 /* Protocols */ = {
			isa = PBXGroup;
			children = (
				B0F30F0D2707D48D0053CD69 /* Coordinator.swift */,
				B0F30F1527080C6F0053CD69 /* NavigationControlling.swift */,
				B0F30F3827094CBE0053CD69 /* PatientSurveyStoreProtocol.swift */,
				B0F30F1B2708D4F50053CD69 /* Person.swift */,
				B0F30F4627095E2E0053CD69 /* ResourceInitializable.swift */,
				B0F30F2A2708D9AE0053CD69 /* Summarizable.swift */,
			);
			path = Protocols;
			sourceTree = "<group>";
		};
		B0F30F1727080D460053CD69 /* Mocks */ = {
			isa = PBXGroup;
			children = (
				B0F30F1827080D560053CD69 /* MockNavigationController.swift */,
				B0F30F4E270A9DD50053CD69 /* MockPatientSurveyStore.swift */,
				B0F30F50270AA69E0053CD69 /* Survey+Mock.swift */,
			);
			path = Mocks;
			sourceTree = "<group>";
		};
		B0F30F1A2708D4BE0053CD69 /* Models */ = {
			isa = PBXGroup;
			children = (
				B0F30F232708D64C0053CD69 /* Appointment.swift */,
				B0F30F212708D5FA0053CD69 /* Diagnosis.swift */,
				B0F30F1F2708D5DD0053CD69 /* Doctor.swift */,
				B0F30F1D2708D57C0053CD69 /* Patient.swift */,
				B0F30F282708D8CD0053CD69 /* PermissionType.swift */,
				B0F30F3C270953030053CD69 /* ResourceBundle.swift */,
				B0F30F302708DDAF0053CD69 /* Survey.swift */,
				B0F30F2C2708DBD90053CD69 /* SurveyPrompt.swift */,
				B0F30F262708D84D0053CD69 /* SurveyResponse.swift */,
				B0F30F4C270970B00053CD69 /* SurveyResponseType.swift */,
				B0F30F2E2708DD3A0053CD69 /* SurveyStep.swift */,
				B0F30F4A27096E820053CD69 /* SurveyStepBuilder.swift */,
				B0F30F4827096CF20053CD69 /* SurveyStepTemplate.swift */,
			);
			path = Models;
			sourceTree = "<group>";
		};
		B0F30F252708D79C0053CD69 /* Resources */ = {
			isa = PBXGroup;
			children = (
				B0F30EE62707C4640053CD69 /* Assets.xcassets */,
				B0F30EEB2707C4640053CD69 /* Info.plist */,
				B0F30EE82707C4640053CD69 /* LaunchScreen.storyboard */,
			);
			path = Resources;
			sourceTree = "<group>";
		};
		B0F30F52270ABC7C0053CD69 /* View Controllers */ = {
			isa = PBXGroup;
			children = (
				B0F30EE12707C4620053CD69 /* SurveyStepViewController.swift */,
				B0F30F53270ABCA40053CD69 /* SurveySummaryViewController.swift */,
			);
			path = "View Controllers";
			sourceTree = "<group>";
		};
/* End PBXGroup section */

/* Begin PBXNativeTarget section */
		B0F30ED92707C4620053CD69 /* Patient Survey */ = {
			isa = PBXNativeTarget;
			buildConfigurationList = B0F30F042707C4640053CD69 /* Build configuration list for PBXNativeTarget "Patient Survey" */;
			buildPhases = (
				B0F30ED62707C4620053CD69 /* Sources */,
				B0F30ED72707C4620053CD69 /* Frameworks */,
				B0F30ED82707C4620053CD69 /* Resources */,
			);
			buildRules = (
			);
			dependencies = (
			);
			name = "Patient Survey";
			productName = "Patient Survey";
			productReference = B0F30EDA2707C4620053CD69 /* Patient Survey.app */;
			productType = "com.apple.product-type.application";
		};
		B0F30EEF2707C4640053CD69 /* Patient SurveyTests */ = {
			isa = PBXNativeTarget;
			buildConfigurationList = B0F30F072707C4640053CD69 /* Build configuration list for PBXNativeTarget "Patient SurveyTests" */;
			buildPhases = (
				B0F30EEC2707C4640053CD69 /* Sources */,
				B0F30EED2707C4640053CD69 /* Frameworks */,
				B0F30EEE2707C4640053CD69 /* Resources */,
			);
			buildRules = (
			);
			dependencies = (
				B0F30EF22707C4640053CD69 /* PBXTargetDependency */,
			);
			name = "Patient SurveyTests";
			packageProductDependencies = (
				B0F30F1227080BC80053CD69 /* Mokka */,
			);
			productName = "Patient SurveyTests";
			productReference = B0F30EF02707C4640053CD69 /* Patient SurveyTests.xctest */;
			productType = "com.apple.product-type.bundle.unit-test";
		};
/* End PBXNativeTarget section */

/* Begin PBXProject section */
		B0F30ED22707C4620053CD69 /* Project object */ = {
			isa = PBXProject;
			attributes = {
				BuildIndependentTargetsInParallel = 1;
				LastSwiftUpdateCheck = 1300;
				LastUpgradeCheck = 1300;
				TargetAttributes = {
					B0F30ED92707C4620053CD69 = {
						CreatedOnToolsVersion = 13.0;
					};
					B0F30EEF2707C4640053CD69 = {
						CreatedOnToolsVersion = 13.0;
						TestTargetID = B0F30ED92707C4620053CD69;
					};
				};
			};
			buildConfigurationList = B0F30ED52707C4620053CD69 /* Build configuration list for PBXProject "Patient Survey" */;
			compatibilityVersion = "Xcode 13.0";
			developmentRegion = en;
			hasScannedForEncodings = 0;
			knownRegions = (
				en,
				Base,
			);
			mainGroup = B0F30ED12707C4620053CD69;
			packageReferences = (
				B0F30F1127080BC80053CD69 /* XCRemoteSwiftPackageReference "Mokka" */,
			);
			productRefGroup = B0F30EDB2707C4620053CD69 /* Products */;
			projectDirPath = "";
			projectRoot = "";
			targets = (
				B0F30ED92707C4620053CD69 /* Patient Survey */,
				B0F30EEF2707C4640053CD69 /* Patient SurveyTests */,
			);
		};
/* End PBXProject section */

/* Begin PBXResourcesBuildPhase section */
		B0F30ED82707C4620053CD69 /* Resources */ = {
			isa = PBXResourcesBuildPhase;
			buildActionMask = 2147483647;
			files = (
				B0F30EEA2707C4640053CD69 /* LaunchScreen.storyboard in Resources */,
				B0F30EE72707C4640053CD69 /* Assets.xcassets in Resources */,
			);
			runOnlyForDeploymentPostprocessing = 0;
		};
		B0F30EEE2707C4640053CD69 /* Resources */ = {
			isa = PBXResourcesBuildPhase;
			buildActionMask = 2147483647;
			files = (
			);
			runOnlyForDeploymentPostprocessing = 0;
		};
/* End PBXResourcesBuildPhase section */

/* Begin PBXSourcesBuildPhase section */
		B0F30ED62707C4620053CD69 /* Sources */ = {
			isa = PBXSourcesBuildPhase;
			buildActionMask = 2147483647;
			files = (
				B0F30F4D270970B00053CD69 /* SurveyResponseType.swift in Sources */,
				B0F30F1C2708D4F50053CD69 /* Person.swift in Sources */,
				B0F30F3B270950D80053CD69 /* PatientSurveyStore.swift in Sources */,
				B0F30F272708D84D0053CD69 /* SurveyResponse.swift in Sources */,
				B0F30F102707D4E00053CD69 /* PatientSurveyCoordinator.swift in Sources */,
				B0F30F54270ABCA40053CD69 /* SurveySummaryViewController.swift in Sources */,
				B0F30F202708D5DD0053CD69 /* Doctor.swift in Sources */,
				B0F30F222708D5FA0053CD69 /* Diagnosis.swift in Sources */,
				B0F30F312708DDAF0053CD69 /* Survey.swift in Sources */,
				B0F30F4727095E2E0053CD69 /* ResourceInitializable.swift in Sources */,
				B0F30F4927096CF20053CD69 /* SurveyStepTemplate.swift in Sources */,
				B0F30F1627080C6F0053CD69 /* NavigationControlling.swift in Sources */,
				B0F30F3D270953030053CD69 /* ResourceBundle.swift in Sources */,
				B0F30EE22707C4620053CD69 /* SurveyStepViewController.swift in Sources */,
				B0F30F1E2708D57C0053CD69 /* Patient.swift in Sources */,
				B0F30F3927094CBE0053CD69 /* PatientSurveyStoreProtocol.swift in Sources */,
				B0F30EDE2707C4620053CD69 /* AppDelegate.swift in Sources */,
				B0F30F0E2707D48D0053CD69 /* Coordinator.swift in Sources */,
				B0F30F292708D8CD0053CD69 /* PermissionType.swift in Sources */,
				B0F30F242708D64C0053CD69 /* Appointment.swift in Sources */,
				B0F30F2F2708DD3A0053CD69 /* SurveyStep.swift in Sources */,
				B0F30F2B2708D9AE0053CD69 /* Summarizable.swift in Sources */,
				B0F30F2D2708DBD90053CD69 /* SurveyPrompt.swift in Sources */,
				B0F30F4B27096E820053CD69 /* SurveyStepBuilder.swift in Sources */,
			);
			runOnlyForDeploymentPostprocessing = 0;
		};
		B0F30EEC2707C4640053CD69 /* Sources */ = {
			isa = PBXSourcesBuildPhase;
			buildActionMask = 2147483647;
			files = (
				B0F30EF52707C4640053CD69 /* PatientSurveyCoordinatorTests.swift in Sources */,
				B0F30F37270930D90053CD69 /* SurveyResponseTests.swift in Sources */,
				B0F30F3527092EB50053CD69 /* SurveyPromptTests.swift in Sources */,
				B0F30F3327092DA00053CD69 /* PermissionTypeTests.swift in Sources */,
				B0F30F1927080D560053CD69 /* MockNavigationController.swift in Sources */,
				B0F30F4527095AC30053CD69 /* PatientSurveyStoreTests.swift in Sources */,
				B0F30F4F270A9DD50053CD69 /* MockPatientSurveyStore.swift in Sources */,
				B0F30F51270AA69E0053CD69 /* Survey+Mock.swift in Sources */,
			);
			runOnlyForDeploymentPostprocessing = 0;
		};
/* End PBXSourcesBuildPhase section */

/* Begin PBXTargetDependency section */
		B0F30EF22707C4640053CD69 /* PBXTargetDependency */ = {
			isa = PBXTargetDependency;
			target = B0F30ED92707C4620053CD69 /* Patient Survey */;
			targetProxy = B0F30EF12707C4640053CD69 /* PBXContainerItemProxy */;
		};
/* End PBXTargetDependency section */

/* Begin PBXVariantGroup section */
		B0F30EE82707C4640053CD69 /* LaunchScreen.storyboard */ = {
			isa = PBXVariantGroup;
			children = (
				B0F30EE92707C4640053CD69 /* Base */,
			);
			name = LaunchScreen.storyboard;
			sourceTree = "<group>";
		};
/* End PBXVariantGroup section */

/* Begin XCBuildConfiguration section */
		B0F30F022707C4640053CD69 /* Debug */ = {
			isa = XCBuildConfiguration;
			buildSettings = {
				ALWAYS_SEARCH_USER_PATHS = NO;
				CLANG_ANALYZER_NONNULL = YES;
				CLANG_ANALYZER_NUMBER_OBJECT_CONVERSION = YES_AGGRESSIVE;
				CLANG_CXX_LANGUAGE_STANDARD = "gnu++17";
				CLANG_CXX_LIBRARY = "libc++";
				CLANG_ENABLE_MODULES = YES;
				CLANG_ENABLE_OBJC_ARC = YES;
				CLANG_ENABLE_OBJC_WEAK = YES;
				CLANG_WARN_BLOCK_CAPTURE_AUTORELEASING = YES;
				CLANG_WARN_BOOL_CONVERSION = YES;
				CLANG_WARN_COMMA = YES;
				CLANG_WARN_CONSTANT_CONVERSION = YES;
				CLANG_WARN_DEPRECATED_OBJC_IMPLEMENTATIONS = YES;
				CLANG_WARN_DIRECT_OBJC_ISA_USAGE = YES_ERROR;
				CLANG_WARN_DOCUMENTATION_COMMENTS = YES;
				CLANG_WARN_EMPTY_BODY = YES;
				CLANG_WARN_ENUM_CONVERSION = YES;
				CLANG_WARN_INFINITE_RECURSION = YES;
				CLANG_WARN_INT_CONVERSION = YES;
				CLANG_WARN_NON_LITERAL_NULL_CONVERSION = YES;
				CLANG_WARN_OBJC_IMPLICIT_RETAIN_SELF = YES;
				CLANG_WARN_OBJC_LITERAL_CONVERSION = YES;
				CLANG_WARN_OBJC_ROOT_CLASS = YES_ERROR;
				CLANG_WARN_QUOTED_INCLUDE_IN_FRAMEWORK_HEADER = YES;
				CLANG_WARN_RANGE_LOOP_ANALYSIS = YES;
				CLANG_WARN_STRICT_PROTOTYPES = YES;
				CLANG_WARN_SUSPICIOUS_MOVE = YES;
				CLANG_WARN_UNGUARDED_AVAILABILITY = YES_AGGRESSIVE;
				CLANG_WARN_UNREACHABLE_CODE = YES;
				CLANG_WARN__DUPLICATE_METHOD_MATCH = YES;
				COPY_PHASE_STRIP = NO;
				DEBUG_INFORMATION_FORMAT = dwarf;
				ENABLE_STRICT_OBJC_MSGSEND = YES;
				ENABLE_TESTABILITY = YES;
				GCC_C_LANGUAGE_STANDARD = gnu11;
				GCC_DYNAMIC_NO_PIC = NO;
				GCC_NO_COMMON_BLOCKS = YES;
				GCC_OPTIMIZATION_LEVEL = 0;
				GCC_PREPROCESSOR_DEFINITIONS = (
					"DEBUG=1",
					"$(inherited)",
				);
				GCC_WARN_64_TO_32_BIT_CONVERSION = YES;
				GCC_WARN_ABOUT_RETURN_TYPE = YES_ERROR;
				GCC_WARN_UNDECLARED_SELECTOR = YES;
				GCC_WARN_UNINITIALIZED_AUTOS = YES_AGGRESSIVE;
				GCC_WARN_UNUSED_FUNCTION = YES;
				GCC_WARN_UNUSED_VARIABLE = YES;
				IPHONEOS_DEPLOYMENT_TARGET = 15.0;
				MTL_ENABLE_DEBUG_INFO = INCLUDE_SOURCE;
				MTL_FAST_MATH = YES;
				ONLY_ACTIVE_ARCH = YES;
				SDKROOT = iphoneos;
				SWIFT_ACTIVE_COMPILATION_CONDITIONS = DEBUG;
				SWIFT_OPTIMIZATION_LEVEL = "-Onone";
			};
			name = Debug;
		};
		B0F30F032707C4640053CD69 /* Release */ = {
			isa = XCBuildConfiguration;
			buildSettings = {
				ALWAYS_SEARCH_USER_PATHS = NO;
				CLANG_ANALYZER_NONNULL = YES;
				CLANG_ANALYZER_NUMBER_OBJECT_CONVERSION = YES_AGGRESSIVE;
				CLANG_CXX_LANGUAGE_STANDARD = "gnu++17";
				CLANG_CXX_LIBRARY = "libc++";
				CLANG_ENABLE_MODULES = YES;
				CLANG_ENABLE_OBJC_ARC = YES;
				CLANG_ENABLE_OBJC_WEAK = YES;
				CLANG_WARN_BLOCK_CAPTURE_AUTORELEASING = YES;
				CLANG_WARN_BOOL_CONVERSION = YES;
				CLANG_WARN_COMMA = YES;
				CLANG_WARN_CONSTANT_CONVERSION = YES;
				CLANG_WARN_DEPRECATED_OBJC_IMPLEMENTATIONS = YES;
				CLANG_WARN_DIRECT_OBJC_ISA_USAGE = YES_ERROR;
				CLANG_WARN_DOCUMENTATION_COMMENTS = YES;
				CLANG_WARN_EMPTY_BODY = YES;
				CLANG_WARN_ENUM_CONVERSION = YES;
				CLANG_WARN_INFINITE_RECURSION = YES;
				CLANG_WARN_INT_CONVERSION = YES;
				CLANG_WARN_NON_LITERAL_NULL_CONVERSION = YES;
				CLANG_WARN_OBJC_IMPLICIT_RETAIN_SELF = YES;
				CLANG_WARN_OBJC_LITERAL_CONVERSION = YES;
				CLANG_WARN_OBJC_ROOT_CLASS = YES_ERROR;
				CLANG_WARN_QUOTED_INCLUDE_IN_FRAMEWORK_HEADER = YES;
				CLANG_WARN_RANGE_LOOP_ANALYSIS = YES;
				CLANG_WARN_STRICT_PROTOTYPES = YES;
				CLANG_WARN_SUSPICIOUS_MOVE = YES;
				CLANG_WARN_UNGUARDED_AVAILABILITY = YES_AGGRESSIVE;
				CLANG_WARN_UNREACHABLE_CODE = YES;
				CLANG_WARN__DUPLICATE_METHOD_MATCH = YES;
				COPY_PHASE_STRIP = NO;
				DEBUG_INFORMATION_FORMAT = "dwarf-with-dsym";
				ENABLE_NS_ASSERTIONS = NO;
				ENABLE_STRICT_OBJC_MSGSEND = YES;
				GCC_C_LANGUAGE_STANDARD = gnu11;
				GCC_NO_COMMON_BLOCKS = YES;
				GCC_WARN_64_TO_32_BIT_CONVERSION = YES;
				GCC_WARN_ABOUT_RETURN_TYPE = YES_ERROR;
				GCC_WARN_UNDECLARED_SELECTOR = YES;
				GCC_WARN_UNINITIALIZED_AUTOS = YES_AGGRESSIVE;
				GCC_WARN_UNUSED_FUNCTION = YES;
				GCC_WARN_UNUSED_VARIABLE = YES;
				IPHONEOS_DEPLOYMENT_TARGET = 15.0;
				MTL_ENABLE_DEBUG_INFO = NO;
				MTL_FAST_MATH = YES;
				SDKROOT = iphoneos;
				SWIFT_COMPILATION_MODE = wholemodule;
				SWIFT_OPTIMIZATION_LEVEL = "-O";
				VALIDATE_PRODUCT = YES;
			};
			name = Release;
		};
		B0F30F052707C4640053CD69 /* Debug */ = {
			isa = XCBuildConfiguration;
			buildSettings = {
				ASSETCATALOG_COMPILER_APPICON_NAME = AppIcon;
				ASSETCATALOG_COMPILER_GLOBAL_ACCENT_COLOR_NAME = AccentColor;
				CODE_SIGN_STYLE = Automatic;
				CURRENT_PROJECT_VERSION = 1;
				DEVELOPMENT_TEAM = SZAUT969PA;
				GENERATE_INFOPLIST_FILE = YES;
				INFOPLIST_FILE = "Patient Survey/Resources/Info.plist";
				INFOPLIST_KEY_UIApplicationSupportsIndirectInputEvents = YES;
				INFOPLIST_KEY_UILaunchStoryboardName = LaunchScreen;
				INFOPLIST_KEY_UISupportedInterfaceOrientations_iPad = "UIInterfaceOrientationPortrait UIInterfaceOrientationPortraitUpsideDown UIInterfaceOrientationLandscapeLeft UIInterfaceOrientationLandscapeRight";
				INFOPLIST_KEY_UISupportedInterfaceOrientations_iPhone = "UIInterfaceOrientationPortrait UIInterfaceOrientationLandscapeLeft UIInterfaceOrientationLandscapeRight";
				LD_RUNPATH_SEARCH_PATHS = (
					"$(inherited)",
					"@executable_path/Frameworks",
				);
				MARKETING_VERSION = 1.0;
				PRODUCT_BUNDLE_IDENTIFIER = "com.postmechanical.Patient-Survey";
				PRODUCT_NAME = "$(TARGET_NAME)";
				SWIFT_EMIT_LOC_STRINGS = YES;
				SWIFT_VERSION = 5.0;
				TARGETED_DEVICE_FAMILY = "1,2";
			};
			name = Debug;
		};
		B0F30F062707C4640053CD69 /* Release */ = {
			isa = XCBuildConfiguration;
			buildSettings = {
				ASSETCATALOG_COMPILER_APPICON_NAME = AppIcon;
				ASSETCATALOG_COMPILER_GLOBAL_ACCENT_COLOR_NAME = AccentColor;
				CODE_SIGN_STYLE = Automatic;
				CURRENT_PROJECT_VERSION = 1;
				DEVELOPMENT_TEAM = SZAUT969PA;
				GENERATE_INFOPLIST_FILE = YES;
				INFOPLIST_FILE = "Patient Survey/Resources/Info.plist";
				INFOPLIST_KEY_UIApplicationSupportsIndirectInputEvents = YES;
				INFOPLIST_KEY_UILaunchStoryboardName = LaunchScreen;
				INFOPLIST_KEY_UISupportedInterfaceOrientations_iPad = "UIInterfaceOrientationPortrait UIInterfaceOrientationPortraitUpsideDown UIInterfaceOrientationLandscapeLeft UIInterfaceOrientationLandscapeRight";
				INFOPLIST_KEY_UISupportedInterfaceOrientations_iPhone = "UIInterfaceOrientationPortrait UIInterfaceOrientationLandscapeLeft UIInterfaceOrientationLandscapeRight";
				LD_RUNPATH_SEARCH_PATHS = (
					"$(inherited)",
					"@executable_path/Frameworks",
				);
				MARKETING_VERSION = 1.0;
				PRODUCT_BUNDLE_IDENTIFIER = "com.postmechanical.Patient-Survey";
				PRODUCT_NAME = "$(TARGET_NAME)";
				SWIFT_EMIT_LOC_STRINGS = YES;
				SWIFT_VERSION = 5.0;
				TARGETED_DEVICE_FAMILY = "1,2";
			};
			name = Release;
		};
		B0F30F082707C4640053CD69 /* Debug */ = {
			isa = XCBuildConfiguration;
			buildSettings = {
				ALWAYS_EMBED_SWIFT_STANDARD_LIBRARIES = YES;
				BUNDLE_LOADER = "$(TEST_HOST)";
				CODE_SIGN_STYLE = Automatic;
				CURRENT_PROJECT_VERSION = 1;
				DEVELOPMENT_TEAM = SZAUT969PA;
				GENERATE_INFOPLIST_FILE = YES;
				IPHONEOS_DEPLOYMENT_TARGET = 15.0;
				LD_RUNPATH_SEARCH_PATHS = (
					"$(inherited)",
					"@executable_path/Frameworks",
					"@loader_path/Frameworks",
				);
				MARKETING_VERSION = 1.0;
				PRODUCT_BUNDLE_IDENTIFIER = "com.postmechanical.Patient-SurveyTests";
				PRODUCT_NAME = "$(TARGET_NAME)";
				SWIFT_EMIT_LOC_STRINGS = NO;
				SWIFT_VERSION = 5.0;
				TARGETED_DEVICE_FAMILY = "1,2";
				TEST_HOST = "$(BUILT_PRODUCTS_DIR)/Patient Survey.app/Patient Survey";
			};
			name = Debug;
		};
		B0F30F092707C4640053CD69 /* Release */ = {
			isa = XCBuildConfiguration;
			buildSettings = {
				ALWAYS_EMBED_SWIFT_STANDARD_LIBRARIES = YES;
				BUNDLE_LOADER = "$(TEST_HOST)";
				CODE_SIGN_STYLE = Automatic;
				CURRENT_PROJECT_VERSION = 1;
				DEVELOPMENT_TEAM = SZAUT969PA;
				GENERATE_INFOPLIST_FILE = YES;
				IPHONEOS_DEPLOYMENT_TARGET = 15.0;
				LD_RUNPATH_SEARCH_PATHS = (
					"$(inherited)",
					"@executable_path/Frameworks",
					"@loader_path/Frameworks",
				);
				MARKETING_VERSION = 1.0;
				PRODUCT_BUNDLE_IDENTIFIER = "com.postmechanical.Patient-SurveyTests";
				PRODUCT_NAME = "$(TARGET_NAME)";
				SWIFT_EMIT_LOC_STRINGS = NO;
				SWIFT_VERSION = 5.0;
				TARGETED_DEVICE_FAMILY = "1,2";
				TEST_HOST = "$(BUILT_PRODUCTS_DIR)/Patient Survey.app/Patient Survey";
			};
			name = Release;
		};
/* End XCBuildConfiguration section */

/* Begin XCConfigurationList section */
		B0F30ED52707C4620053CD69 /* Build configuration list for PBXProject "Patient Survey" */ = {
			isa = XCConfigurationList;
			buildConfigurations = (
				B0F30F022707C4640053CD69 /* Debug */,
				B0F30F032707C4640053CD69 /* Release */,
			);
			defaultConfigurationIsVisible = 0;
			defaultConfigurationName = Release;
		};
		B0F30F042707C4640053CD69 /* Build configuration list for PBXNativeTarget "Patient Survey" */ = {
			isa = XCConfigurationList;
			buildConfigurations = (
				B0F30F052707C4640053CD69 /* Debug */,
				B0F30F062707C4640053CD69 /* Release */,
			);
			defaultConfigurationIsVisible = 0;
			defaultConfigurationName = Release;
		};
		B0F30F072707C4640053CD69 /* Build configuration list for PBXNativeTarget "Patient SurveyTests" */ = {
			isa = XCConfigurationList;
			buildConfigurations = (
				B0F30F082707C4640053CD69 /* Debug */,
				B0F30F092707C4640053CD69 /* Release */,
			);
			defaultConfigurationIsVisible = 0;
			defaultConfigurationName = Release;
		};
/* End XCConfigurationList section */

/* Begin XCRemoteSwiftPackageReference section */
		B0F30F1127080BC80053CD69 /* XCRemoteSwiftPackageReference "Mokka" */ = {
			isa = XCRemoteSwiftPackageReference;
			repositoryURL = "https://github.com/danielr/Mokka";
			requirement = {
				kind = upToNextMajorVersion;
				minimumVersion = 1.0.0;
			};
		};
/* End XCRemoteSwiftPackageReference section */

/* Begin XCSwiftPackageProductDependency section */
		B0F30F1227080BC80053CD69 /* Mokka */ = {
			isa = XCSwiftPackageProductDependency;
			package = B0F30F1127080BC80053CD69 /* XCRemoteSwiftPackageReference "Mokka" */;
			productName = Mokka;
		};
/* End XCSwiftPackageProductDependency section */
	};
	rootObject = B0F30ED22707C4620053CD69 /* Project object */;
}
